
Microsoft Visual Studio Solution File, Format Version 12.00
# Visual Studio Version 17
VisualStudioVersion = 17.3.32825.248
MinimumVisualStudioVersion = 10.0.40219.1
Project("{9A19103F-16F7-4668-BE54-9A1E7A4F7556}") = "CatalogoAPI", "CatalogoAPI\CatalogoAPI.csproj", "{986C3C94-D91E-4A21-8ED0-526664B63BDA}"
EndProject
Project("{9A19103F-16F7-4668-BE54-9A1E7A4F7556}") = "CatalogoAPIxUnitTests", "CatalogoAPIxUnitTests\CatalogoAPIxUnitTests.csproj", "{2E242513-D5C9-4807-B1D9-C48EF9071392}"
EndProject
Global
	GlobalSection(SolutionConfigurationPlatforms) = preSolution
		Debug|Any CPU = Debug|Any CPU
		Release|Any CPU = Release|Any CPU
	EndGlobalSection
	GlobalSection(ProjectConfigurationPlatforms) = postSolution
		{986C3C94-D91E-4A21-8ED0-526664B63BDA}.Debug|Any CPU.ActiveCfg = Debug|Any CPU
		{986C3C94-D91E-4A21-8ED0-526664B63BDA}.Debug|Any CPU.Build.0 = Debug|Any CPU
		{986C3C94-D91E-4A21-8ED0-526664B63BDA}.Release|Any CPU.ActiveCfg = Release|Any CPU
		{986C3C94-D91E-4A21-8ED0-526664B63BDA}.Release|Any CPU.Build.0 = Release|Any CPU
		{2E242513-D5C9-4807-B1D9-C48EF9071392}.Debug|Any CPU.ActiveCfg = Debug|Any CPU
		{2E242513-D5C9-4807-B1D9-C48EF9071392}.Debug|Any CPU.Build.0 = Debug|Any CPU
		{2E242513-D5C9-4807-B1D9-C48EF9071392}.Release|Any CPU.ActiveCfg = Release|Any CPU
		{2E242513-D5C9-4807-B1D9-C48EF9071392}.Release|Any CPU.Build.0 = Release|Any CPU
	EndGlobalSection
	GlobalSection(SolutionProperties) = preSolution
		HideSolutionNode = FALSE
	EndGlobalSection
	GlobalSection(ExtensibilityGlobals) = postSolution
		SolutionGuid = {89D3B91C-1C92-47DC-A717-53D9FB827A2C}
	EndGlobalSection
EndGlobal
